
Microsoft Visual Studio Solution File, Format Version 12.00
# Visual Studio Version 16
VisualStudioVersion = 16.0.29102.190
MinimumVisualStudioVersion = 10.0.40219.1
Project("{8BC9CEB8-8B4A-11D0-8D11-00A0C91BC942}") = "Rounder", "Rounder\Rounder.vcxproj", "{981AD893-9E19-404E-BB9B-F9CEC7404FFB}"
EndProject
Global
	GlobalSection(SolutionConfigurationPlatforms) = preSolution
		Debug|x64 = Debug|x64
		Debug|x86 = Debug|x86
		Release|x64 = Release|x64
		Release|x86 = Release|x86
	EndGlobalSection
	GlobalSection(ProjectConfigurationPlatforms) = postSolution
		{981AD893-9E19-404E-BB9B-F9CEC7404FFB}.Debug|x64.ActiveCfg = Debug|x64
		{981AD893-9E19-404E-BB9B-F9CEC7404FFB}.Debug|x64.Build.0 = Debug|x64
		{981AD893-9E19-404E-BB9B-F9CEC7404FFB}.Debug|x86.ActiveCfg = Debug|Win32
		{981AD893-9E19-404E-BB9B-F9CEC7404FFB}.Debug|x86.Build.0 = Debug|Win32
		{981AD893-9E19-404E-BB9B-F9CEC7404FFB}.Release|x64.ActiveCfg = Release|x64
		{981AD893-9E19-404E-BB9B-F9CEC7404FFB}.Release|x64.Build.0 = Release|x64
		{981AD893-9E19-404E-BB9B-F9CEC7404FFB}.Release|x86.ActiveCfg = Release|Win32
		{981AD893-9E19-404E-BB9B-F9CEC7404FFB}.Release|x86.Build.0 = Release|Win32
	EndGlobalSection
	GlobalSection(SolutionProperties) = preSolution
		HideSolutionNode = FALSE
	EndGlobalSection
	GlobalSection(ExtensibilityGlobals) = postSolution
		SolutionGuid = {B8596165-37E2-4CF4-A2D6-308EB59BB10F}
	EndGlobalSection
EndGlobal
